<?xml version="1.0" encoding="utf-8"?>
<Project ToolsVersion="4.0" xmlns="http://schemas.microsoft.com/developer/msbuild/2003">
  <ItemGroup>
    <Filter Include="Source Files">
      <UniqueIdentifier>{4FC737F1-C7A5-4376-A066-2A32D752A2FF}</UniqueIdentifier>
      <Extensions>cpp;c;cc;cxx;def;odl;idl;hpj;bat;asm;asmx</Extensions>
    </Filter>
    <Filter Include="Header Files">
      <UniqueIdentifier>{93995380-89BD-4b04-88EB-625FBE52EBFB}</UniqueIdentifier>
      <Extensions>h;hpp;hxx;hm;inl;inc;xsd</Extensions>
    </Filter>
    <Filter Include="Resource Files">
      <UniqueIdentifier>{67DA6AB6-F800-4c08-8B7A-83BB121AAD01}</UniqueIdentifier>
      <Extensions>rc;ico;cur;bmp;dlg;rc2;rct;bin;rgs;gif;jpg;jpeg;jpe;resx;tiff;tif;png;wav</Extensions>
    </Filter>
    <Filter Include="Resource Files\setting">
      <UniqueIdentifier>{d6650e63-6503-4d73-87de-fc79466773ca}</UniqueIdentifier>
    </Filter>
    <Filter Include="Resource Files\shader">
      <UniqueIdentifier>{07b7a6d1-0403-4abd-99f5-6c7b05b986a7}</UniqueIdentifier>
    </Filter>
    <Filter Include="Resource Files\script">
      <UniqueIdentifier>{b04cfab1-1c2c-4035-9c90-94759b53b3e9}</UniqueIdentifier>
    </Filter>
  </ItemGroup>
  <ItemGroup>
    <ClCompile Include="AllocMeshX.cpp">
      <Filter>Source Files</Filter>
    </ClCompile>
    <ClCompile Include="Game.cpp">
      <Filter>Source Files</Filter>
    </ClCompile>
    <ClCompile Include="MeshX.cpp">
      <Filter>Source Files</Filter>
    </ClCompile>
    <ClCompile Include="winmain.cpp">
      <Filter>Source Files</Filter>
    </ClCompile>
  </ItemGroup>
  <ItemGroup>
    <ClInclude Include="AllocMeshX.h">
      <Filter>Header Files</Filter>
    </ClInclude>
    <ClInclude Include="Game.h">
      <Filter>Header Files</Filter>
    </ClInclude>
    <ClInclude Include="MeshX.h">
      <Filter>Header Files</Filter>
    </ClInclude>
  </ItemGroup>
  <ItemGroup>
    <Text Include="setting\API.txt">
      <Filter>Resource Files\setting</Filter>
    </Text>
    <Text Include="setting\Setting.txt">
      <Filter>Resource Files\setting</Filter>
    </Text>
    <Text Include="setting\Setting2.txt">
      <Filter>Resource Files\setting</Filter>
    </Text>
    <Text Include="shader\cg.txt">
      <Filter>Resource Files\shader</Filter>
    </Text>
    <Text Include="shader\cg2.txt">
      <Filter>Resource Files\shader</Filter>
    </Text>
    <Text Include="shader\cg2_to_ps_4_0.txt">
      <Filter>Resource Files\shader</Filter>
    </Text>
    <Text Include="shader\cg2-2.txt">
      <Filter>Resource Files\shader</Filter>
    </Text>
    <Text Include="shader\cg2-2_to_ps_4_0.txt">
      <Filter>Resource Files\shader</Filter>
    </Text>
    <Text Include="shader\cg2-mesh.txt">
      <Filter>Resource Files\shader</Filter>
    </Text>
    <Text Include="shader\cg2object.txt">
      <Filter>Resource Files\shader</Filter>
    </Text>
    <Text Include="shader\cg3.txt">
      <Filter>Resource Files\shader</Filter>
    </Text>
    <Text Include="shader\hlsl.txt">
      <Filter>Resource Files\shader</Filter>
    </Text>
    <Text Include="shader\hlsl2.txt">
      <Filter>Resource Files\shader</Filter>
    </Text>
    <Text Include="shader\hlsl-mesh.txt">
      <Filter>Resource Files\shader</Filter>
    </Text>
    <Text Include="shader\hlslobject.txt">
      <Filter>Resource Files\shader</Filter>
    </Text>
    <Text Include="shader\ps.txt">
      <Filter>Resource Files\shader</Filter>
    </Text>
    <Text Include="shader\ps-mesh.txt">
      <Filter>Resource Files\shader</Filter>
    </Text>
    <Text Include="shader\vs.txt">
      <Filter>Resource Files\shader</Filter>
    </Text>
    <Text Include="shader\vs-mesh.txt">
      <Filter>Resource Files\shader</Filter>
    </Text>
    <Text Include="shader\ps-mesh-140.txt">
      <Filter>Resource Files\shader</Filter>
    </Text>
  </ItemGroup>
  <ItemGroup>
    <None Include="shader\cg2.asm">
      <Filter>Resource Files\shader</Filter>
    </None>
    <None Include="shader\thu.cg">
      <Filter>Resource Files\shader</Filter>
    </None>
    <None Include="script\effects.script">
      <Filter>Resource Files\script</Filter>
    </None>
    <None Include="script\resourcesCommon.script">
      <Filter>Resource Files\script</Filter>
    </None>
    <None Include="script\resourcesD3D9.script">
      <Filter>Resource Files\script</Filter>
    </None>
    <None Include="script\resourcesD3D11.script">
      <Filter>Resource Files\script</Filter>
    </None>
    <None Include="script\resourcesD3D11-winrt.script">
      <Filter>Resource Files\script</Filter>
    </None>
    <None Include="script\resourcesGL.script">
      <Filter>Resource Files\script</Filter>
    </None>
    <None Include="script\resourcesGLES.script">
      <Filter>Resource Files\script</Filter>
    </None>
    <None Include="shader\hlsl-mesh_ps.hlsl" />
    <None Include="shader\hlsl-mesh_vs.hlsl" />
    <None Include="shader\hlsl_ps.hlsl" />
    <None Include="shader\hlsl_vs.hlsl" />
    <None Include="shader\VS.hlsl" />
    <None Include="shader\VSo.hlsl" />
    <None Include="script\resourcesGL3.1.script">
      <Filter>Resource Files\script</Filter>
    </None>
  </ItemGroup>
</Project>