<?xml version="1.0" encoding="utf-8"?>
<Project ToolsVersion="4.0" xmlns="http://schemas.microsoft.com/developer/msbuild/2003">
  <ItemGroup>
    <Filter Include="Assets">
      <UniqueIdentifier>17b52f90-9b33-4188-8a0e-808582bbabbc</UniqueIdentifier>
      <Extensions>ico;bmp;dlg;gif;jpg;jpeg;jpe;resx;tiff;tif;png;wav;resw;resjson</Extensions>
    </Filter>
  </ItemGroup>
  <ItemGroup>
    <Image Include="Assets\ApplicationIcon.png">
      <Filter>Assets</Filter>
    </Image>
    <Image Include="Assets\AlignmentGrid.png">
      <Filter>Assets</Filter>
    </Image>
    <Image Include="Assets\Tiles\FlipCycleTileLarge.png">
      <Filter>Assets</Filter>
    </Image>
    <Image Include="Assets\Tiles\FlipCycleTileMedium.png">
      <Filter>Assets</Filter>
    </Image>
    <Image Include="Assets\Tiles\FlipCycleTileSmall.png">
      <Filter>Assets</Filter>
    </Image>
    <Image Include="Assets\Tiles\IconicTileMediumLarge.png">
      <Filter>Assets</Filter>
    </Image>
    <Image Include="Assets\Tiles\IconicTileSmall.png">
      <Filter>Assets</Filter>
    </Image>
    <Filter Include="Source">
      <UniqueIdentifier>{493d8e81-37db-4364-aea5-ab5824907f87}</UniqueIdentifier>
    </Filter>
    <Filter Include="Assets\test">
      <UniqueIdentifier>{843a64a6-3b3f-44cf-a060-5c3b46b110db}</UniqueIdentifier>
    </Filter>
    <Filter Include="Assets\test\shader">
      <UniqueIdentifier>{943f36d3-4176-45ca-8397-e0db0b3b52c9}</UniqueIdentifier>
    </Filter>
    <Filter Include="Assets\test\setting">
      <UniqueIdentifier>{82e11271-b650-4819-ad0c-59b1926c5782}</UniqueIdentifier>
    </Filter>
    <Filter Include="Assets\test\image">
      <UniqueIdentifier>{8d51b49d-7045-46ba-bf26-97e68a3526b4}</UniqueIdentifier>
    </Filter>
    <Filter Include="Assets\test\meshes">
      <UniqueIdentifier>{2034a44c-d6dd-4bd0-b1bc-7921dabb1784}</UniqueIdentifier>
    </Filter>
    <Filter Include="Assets\test\audio">
      <UniqueIdentifier>{cdd72d12-7611-48da-9994-58fa1c28dafd}</UniqueIdentifier>
    </Filter>
  </ItemGroup>
  <ItemGroup>
    <ClCompile Include="..\..\..\..\Source\test\winmain.cpp">
      <Filter>Source</Filter>
    </ClCompile>
    <ClCompile Include="..\..\..\..\Source\test\Game.cpp">
      <Filter>Source</Filter>
    </ClCompile>
  </ItemGroup>
  <ItemGroup>
    <ClInclude Include="..\..\..\..\Source\test\Game.h">
      <Filter>Source</Filter>
    </ClInclude>
  </ItemGroup>
  <ItemGroup>
    <Xml Include="WMAppManifest.xml" />
  </ItemGroup>
  <ItemGroup>
    <Text Include="..\..\..\..\Source\test\shader\hlsl.txt">
      <Filter>Assets\test\shader</Filter>
    </Text>
    <Text Include="..\..\..\..\Source\test\shader\hlsl-mesh.txt">
      <Filter>Assets\test\shader</Filter>
    </Text>
    <Text Include="Assets\test\setting\API.txt">
      <Filter>Assets\test\setting</Filter>
    </Text>
    <Text Include="..\..\..\..\Source\test\setting\Setting.txt" />
  </ItemGroup>
  <ItemGroup>
    <Image Include="..\..\..\..\Source\test\image\Marine.pvr">
      <Filter>Assets</Filter>
    </Image>
    <Image Include="Assets\test\image\Marine.dds">
      <Filter>Assets\test\image</Filter>
    </Image>
    <Image Include="Assets\test\image\metall16bit.bmp">
      <Filter>Assets\test\image</Filter>
    </Image>
    <Image Include="Assets\test\image\pen2.jpg">
      <Filter>Assets\test\image</Filter>
    </Image>
    <Image Include="Assets\test\image\pen2.png">
      <Filter>Assets\test\image</Filter>
    </Image>
    <Image Include="Assets\test\meshes\Bat_Albedo.jpg">
      <Filter>Assets\test\meshes</Filter>
    </Image>
    <Image Include="Assets\test\meshes\Tiny_skin.bmp">
      <Filter>Assets\test\meshes</Filter>
    </Image>
  </ItemGroup>
  <ItemGroup>
    <Media Include="Assets\test\meshes\bat.hqanimation">
      <Filter>Assets\test\meshes</Filter>
    </Media>
    <Media Include="Assets\test\meshes\bat.hqmesh">
      <Filter>Assets\test\meshes</Filter>
    </Media>
    <Media Include="Assets\test\meshes\tiny.hqanimation">
      <Filter>Assets\test\meshes</Filter>
    </Media>
    <Media Include="Assets\test\meshes\tiny.hqmesh">
      <Filter>Assets\test\meshes</Filter>
    </Media>
    <Media Include="Assets\test\meshes\tower4.hqmesh">
      <Filter>Assets\test\meshes</Filter>
    </Media>
    <Media Include="Assets\test\audio\battletoads-double-dragons-2.ogg">
      <Filter>Assets\test\audio</Filter>
    </Media>
    <Media Include="Assets\test\audio\crysis_warhead_menu.ogg">
      <Filter>Assets\test\audio</Filter>
    </Media>
    <Media Include="Assets\test\shader\hlsl-mesh_ps.cso">
      <Filter>Assets\test\shader</Filter>
    </Media>
    <Media Include="Assets\test\shader\hlsl-mesh_vs.cso">
      <Filter>Assets\test\shader</Filter>
    </Media>
    <Media Include="Assets\test\shader\hlsl_ps.cso">
      <Filter>Assets\test\shader</Filter>
    </Media>
    <Media Include="Assets\test\shader\hlsl_vs.cso">
      <Filter>Assets\test\shader</Filter>
    </Media>
  </ItemGroup>
  <ItemGroup>
    <FxCompile Include="..\..\..\..\Source\test\shader\hlsl-mesh_ps.hlsl">
      <Filter>Assets\test\shader</Filter>
    </FxCompile>
    <FxCompile Include="..\..\..\..\Source\test\shader\hlsl-mesh_vs.hlsl">
      <Filter>Assets\test\shader</Filter>
    </FxCompile>
    <FxCompile Include="..\..\..\..\Source\test\shader\hlsl_ps.hlsl">
      <Filter>Assets\test\shader</Filter>
    </FxCompile>
    <FxCompile Include="..\..\..\..\Source\test\shader\hlsl_vs.hlsl">
      <Filter>Assets\test\shader</Filter>
    </FxCompile>
  </ItemGroup>
</Project>