<?xml version="1.0" encoding="utf-8"?>
<Project ToolsVersion="4.0" xmlns="http://schemas.microsoft.com/developer/msbuild/2003">
  <ItemGroup>
    <Filter Include="Assets">
      <UniqueIdentifier>17b52f90-9b33-4188-8a0e-808582bbabbc</UniqueIdentifier>
      <Extensions>ico;bmp;dlg;gif;jpg;jpeg;jpe;resx;tiff;tif;png;wav;resw;resjson</Extensions>
    </Filter>
    <Filter Include="ARM_prebuilt">
      <UniqueIdentifier>{7a3fd0a2-d275-4e14-8a71-0e2a87f5f7dc}</UniqueIdentifier>
    </Filter>
    <Filter Include="Win32_prebuilt">
      <UniqueIdentifier>{0cc44d39-07e9-42f3-b674-4ffc191fa75e}</UniqueIdentifier>
    </Filter>
  </ItemGroup>
  <ItemGroup>
    <Image Include="Assets\ApplicationIcon.png">
      <Filter>Assets</Filter>
    </Image>
    <Image Include="Assets\AlignmentGrid.png">
      <Filter>Assets</Filter>
    </Image>
    <Image Include="Assets\Tiles\FlipCycleTileLarge.png">
      <Filter>Assets</Filter>
    </Image>
    <Image Include="Assets\Tiles\FlipCycleTileMedium.png">
      <Filter>Assets</Filter>
    </Image>
    <Image Include="Assets\Tiles\FlipCycleTileSmall.png">
      <Filter>Assets</Filter>
    </Image>
    <Image Include="Assets\Tiles\IconicTileMediumLarge.png">
      <Filter>Assets</Filter>
    </Image>
    <Image Include="Assets\Tiles\IconicTileSmall.png">
      <Filter>Assets</Filter>
    </Image>
    <Filter Include="Source">
      <UniqueIdentifier>{493d8e81-37db-4364-aea5-ab5824907f87}</UniqueIdentifier>
    </Filter>
    <Image Include="..\..\..\..\Source\test\meshes\Tiny_skin.bmp">
      <Filter>Assets</Filter>
    </Image>
  </ItemGroup>
  <ItemGroup>
    <ClCompile Include="..\..\..\..\Source\test\winmain.cpp">
      <Filter>Source</Filter>
    </ClCompile>
    <ClCompile Include="..\..\..\..\Source\test\Game.cpp">
      <Filter>Source</Filter>
    </ClCompile>
  </ItemGroup>
  <ItemGroup>
    <ClInclude Include="..\..\..\..\Source\test\Game.h">
      <Filter>Source</Filter>
    </ClInclude>
  </ItemGroup>
  <ItemGroup>
    <Xml Include="WMAppManifest.xml" />
  </ItemGroup>
  <ItemGroup>
    <Text Include="..\..\..\..\Source\test\setting\Setting.txt" />
    <Text Include="..\..\..\..\Source\test\shader\hlsl.txt">
      <Filter>Assets</Filter>
    </Text>
    <Text Include="..\..\..\..\Source\test\shader\hlsl-mesh.txt">
      <Filter>Assets</Filter>
    </Text>
    <Text Include="Assets\test\setting\Setting.txt">
      <Filter>Assets</Filter>
    </Text>
  </ItemGroup>
  <ItemGroup>
    <FxCompile Include="..\..\..\..\Source\test\shader\hlsl_ps.hlsl">
      <Filter>Assets</Filter>
    </FxCompile>
    <FxCompile Include="..\..\..\..\Source\test\shader\hlsl_vs.hlsl">
      <Filter>Assets</Filter>
    </FxCompile>
    <FxCompile Include="..\..\..\..\Source\test\shader\hlsl-mesh_ps.hlsl">
      <Filter>Assets</Filter>
    </FxCompile>
    <FxCompile Include="..\..\..\..\Source\test\shader\hlsl-mesh_vs.hlsl">
      <Filter>Assets</Filter>
    </FxCompile>
  </ItemGroup>
  <ItemGroup>
    <Media Include="Assets\test\audio\battletoads-double-dragons-2.ogg">
      <Filter>Assets</Filter>
    </Media>
    <Media Include="Assets\test\meshes\Bat_Albedo.jpg">
      <Filter>Assets</Filter>
    </Media>
    <Media Include="Assets\test\meshes\bat.hqanimation" />
    <Media Include="Assets\test\meshes\bat.hqmesh" />
    <Media Include="..\..\..\..\Source\test\meshes\tiny.hqanimation" />
    <Media Include="..\..\..\..\Source\test\meshes\tiny.hqmesh" />
  </ItemGroup>
  <ItemGroup>
    <CustomBuild Include="..\..\..\..\Source\test\script\effects.script" />
    <CustomBuild Include="..\..\..\..\Source\test\script\resourcesCommon.script" />
    <CustomBuild Include="..\..\..\..\Source\test\script\resourcesD3D11-winrt.script" />
    <CustomBuild Include="..\..\..\..\Source\test\script\resourcesD3D11.script" />
    <CustomBuild Include="..\..\..\..\Source\test\script\resourcesD3D9.script" />
    <CustomBuild Include="..\..\..\..\Source\test\script\resourcesGL.script" />
  </ItemGroup>
  <ItemGroup>
    <None Include="..\..\..\..\..\ThirdParty-mod\openal-soft\pre_built\wp8\ARM\OpenAL.wp8.dll">
      <Filter>ARM_prebuilt</Filter>
    </None>
    <None Include="..\..\..\..\..\ThirdParty-mod\openal-soft\pre_built\wp8\Win32\OpenAL.wp8.dll">
      <Filter>Win32_prebuilt</Filter>
    </None>
  </ItemGroup>
</Project>