<?xml version="1.0" encoding="utf-8"?>
<Project ToolsVersion="4.0" xmlns="http://schemas.microsoft.com/developer/msbuild/2003">
  <ItemGroup>
    <Filter Include="Source Files">
      <UniqueIdentifier>{4FC737F1-C7A5-4376-A066-2A32D752A2FF}</UniqueIdentifier>
      <Extensions>cpp;c;cc;cxx;def;odl;idl;hpj;bat;asm;asmx</Extensions>
    </Filter>
    <Filter Include="Source Files\shaders">
      <UniqueIdentifier>{074c2648-d501-4cf9-9921-a7262df7999e}</UniqueIdentifier>
    </Filter>
    <Filter Include="Header Files">
      <UniqueIdentifier>{93995380-89BD-4b04-88EB-625FBE52EBFB}</UniqueIdentifier>
      <Extensions>h;hpp;hxx;hm;inl;inc;xsd</Extensions>
    </Filter>
    <Filter Include="Resource Files">
      <UniqueIdentifier>{67DA6AB6-F800-4c08-8B7A-83BB121AAD01}</UniqueIdentifier>
      <Extensions>rc;ico;cur;bmp;dlg;rc2;rct;bin;rgs;gif;jpg;jpeg;jpe;resx;tiff;tif;png;wav</Extensions>
    </Filter>
    <Filter Include="Source Files\cuda">
      <UniqueIdentifier>{0d5bf953-66de-4577-99d2-2900cccc5a6f}</UniqueIdentifier>
    </Filter>
    <Filter Include="Source Files\scripts">
      <UniqueIdentifier>{2dcfb962-2234-4fb1-9160-e95010f83152}</UniqueIdentifier>
    </Filter>
  </ItemGroup>
  <ItemGroup>
    <ClCompile Include="..\Source\main.cpp">
      <Filter>Source Files</Filter>
    </ClCompile>
    <ClCompile Include="..\Source\RenderLoop_depth_pass.cpp">
      <Filter>Source Files</Filter>
    </ClCompile>
    <ClCompile Include="..\Source\RenderLoop_final_pass.cpp">
      <Filter>Source Files</Filter>
    </ClCompile>
    <ClCompile Include="..\Source\RenderLoop_lowres_pass.cpp">
      <Filter>Source Files</Filter>
    </ClCompile>
    <ClCompile Include="..\Source\RenderLoop_main.cpp">
      <Filter>Source Files</Filter>
    </ClCompile>
    <ClCompile Include="..\..\..\utilities\CUDA\src\HQCudaBinding.cpp">
      <Filter>Source Files\cuda</Filter>
    </ClCompile>
  </ItemGroup>
  <ItemGroup>
    <ClInclude Include="..\Source\RenderLoop.h">
      <Filter>Header Files</Filter>
    </ClInclude>
    <ClInclude Include="..\..\..\utilities\CUDA\src\HQCudaBinding.h">
      <Filter>Source Files\cuda</Filter>
    </ClInclude>
    <ClInclude Include="..\..\..\utilities\CUDA\src\HQCudaD3D9Binding.h">
      <Filter>Source Files\cuda</Filter>
    </ClInclude>
    <ClInclude Include="..\..\..\utilities\CUDA\src\HQCudaD3D11Binding.h">
      <Filter>Source Files\cuda</Filter>
    </ClInclude>
    <ClInclude Include="..\..\..\utilities\CUDA\src\HQCudaGLBinding.h">
      <Filter>Source Files\cuda</Filter>
    </ClInclude>
  </ItemGroup>
  <ItemGroup>
    <CustomBuild Include="..\Data\depth-pass.cg">
      <Filter>Source Files\shaders</Filter>
    </CustomBuild>
    <CustomBuild Include="..\Data\final-gathering.cg">
      <Filter>Source Files\shaders</Filter>
    </CustomBuild>
    <CustomBuild Include="..\Data\lowres-pass.cg">
      <Filter>Source Files\shaders</Filter>
    </CustomBuild>
    <CustomBuild Include="..\Data\noise_decoding.cg">
      <Filter>Source Files\shaders</Filter>
    </CustomBuild>
    <CustomBuild Include="..\Data\noise_generator.cu">
      <Filter>Source Files\cuda</Filter>
    </CustomBuild>
  </ItemGroup>
  <ItemGroup>
    <None Include="..\Data\rsm_resourcesCommon.script">
      <Filter>Source Files\scripts</Filter>
    </None>
    <None Include="..\Data\rsm_resourcesD3D9.script">
      <Filter>Source Files\scripts</Filter>
    </None>
    <None Include="..\Data\rsm_resourcesD3D11.script">
      <Filter>Source Files\scripts</Filter>
    </None>
    <None Include="..\Data\rsm_resourcesGL.script">
      <Filter>Source Files\scripts</Filter>
    </None>
    <None Include="..\Data\rsm_effects.script">
      <Filter>Source Files\scripts</Filter>
    </None>
    <None Include="..\Data\rsm_resourcesD3D11_compute_shader.script">
      <Filter>Source Files\scripts</Filter>
    </None>
    <None Include="..\Data\noise_decoding.hlslcs">
      <Filter>Source Files\shaders</Filter>
    </None>
  </ItemGroup>
</Project>