
Microsoft Visual Studio Solution File, Format Version 12.00
# Visual Studio 2012
Project("{8BC9CEB8-8B4A-11D0-8D11-00A0C91BC942}") = "HQEngine", "HQEngine\HQEngine.vcxproj", "{DADE4F03-2A98-4E46-B009-D099339FE674}"
EndProject
Project("{8BC9CEB8-8B4A-11D0-8D11-00A0C91BC942}") = "testRenderDevice", "testRenderDevice\testRenderDevice.vcxproj", "{32B74ED8-099C-4312-A6E9-BA32A4EE941D}"
	ProjectSection(ProjectDependencies) = postProject
		{DADE4F03-2A98-4E46-B009-D099339FE674} = {DADE4F03-2A98-4E46-B009-D099339FE674}
	EndProjectSection
EndProject
Project("{8BC9CEB8-8B4A-11D0-8D11-00A0C91BC942}") = "testHQEngineApp", "testHQEngineApp\testHQEngineApp.vcxproj", "{064A16B3-F050-45BC-801A-59EA072CE8EC}"
	ProjectSection(ProjectDependencies) = postProject
		{DADE4F03-2A98-4E46-B009-D099339FE674} = {DADE4F03-2A98-4E46-B009-D099339FE674}
	EndProjectSection
EndProject
Project("{8BC9CEB8-8B4A-11D0-8D11-00A0C91BC942}") = "test", "test\test.vcxproj", "{286559F3-2887-44C5-AB5A-36AFC3003DA1}"
	ProjectSection(ProjectDependencies) = postProject
		{DADE4F03-2A98-4E46-B009-D099339FE674} = {DADE4F03-2A98-4E46-B009-D099339FE674}
	EndProjectSection
EndProject
Project("{8BC9CEB8-8B4A-11D0-8D11-00A0C91BC942}") = "Direct3DTemplate", "Direct3DTemplate\Direct3DTemplate.vcxproj", "{A44F4E2F-E1E2-4294-9BAF-82F53750FF36}"
EndProject
Global
	GlobalSection(SolutionConfigurationPlatforms) = preSolution
		Debug|ARM = Debug|ARM
		Debug|Win32 = Debug|Win32
		Debug|x64 = Debug|x64
		Release|ARM = Release|ARM
		Release|Win32 = Release|Win32
		Release|x64 = Release|x64
	EndGlobalSection
	GlobalSection(ProjectConfigurationPlatforms) = postSolution
		{DADE4F03-2A98-4E46-B009-D099339FE674}.Debug|ARM.ActiveCfg = Debug|ARM
		{DADE4F03-2A98-4E46-B009-D099339FE674}.Debug|ARM.Build.0 = Debug|ARM
		{DADE4F03-2A98-4E46-B009-D099339FE674}.Debug|Win32.ActiveCfg = Debug|Win32
		{DADE4F03-2A98-4E46-B009-D099339FE674}.Debug|Win32.Build.0 = Debug|Win32
		{DADE4F03-2A98-4E46-B009-D099339FE674}.Debug|x64.ActiveCfg = Debug|x64
		{DADE4F03-2A98-4E46-B009-D099339FE674}.Debug|x64.Build.0 = Debug|x64
		{DADE4F03-2A98-4E46-B009-D099339FE674}.Release|ARM.ActiveCfg = Release|ARM
		{DADE4F03-2A98-4E46-B009-D099339FE674}.Release|ARM.Build.0 = Release|ARM
		{DADE4F03-2A98-4E46-B009-D099339FE674}.Release|Win32.ActiveCfg = Release|Win32
		{DADE4F03-2A98-4E46-B009-D099339FE674}.Release|Win32.Build.0 = Release|Win32
		{DADE4F03-2A98-4E46-B009-D099339FE674}.Release|x64.ActiveCfg = Release|x64
		{DADE4F03-2A98-4E46-B009-D099339FE674}.Release|x64.Build.0 = Release|x64
		{32B74ED8-099C-4312-A6E9-BA32A4EE941D}.Debug|ARM.ActiveCfg = Debug|ARM
		{32B74ED8-099C-4312-A6E9-BA32A4EE941D}.Debug|ARM.Build.0 = Debug|ARM
		{32B74ED8-099C-4312-A6E9-BA32A4EE941D}.Debug|ARM.Deploy.0 = Debug|ARM
		{32B74ED8-099C-4312-A6E9-BA32A4EE941D}.Debug|Win32.ActiveCfg = Debug|Win32
		{32B74ED8-099C-4312-A6E9-BA32A4EE941D}.Debug|Win32.Build.0 = Debug|Win32
		{32B74ED8-099C-4312-A6E9-BA32A4EE941D}.Debug|Win32.Deploy.0 = Debug|Win32
		{32B74ED8-099C-4312-A6E9-BA32A4EE941D}.Debug|x64.ActiveCfg = Debug|x64
		{32B74ED8-099C-4312-A6E9-BA32A4EE941D}.Debug|x64.Build.0 = Debug|x64
		{32B74ED8-099C-4312-A6E9-BA32A4EE941D}.Debug|x64.Deploy.0 = Debug|x64
		{32B74ED8-099C-4312-A6E9-BA32A4EE941D}.Release|ARM.ActiveCfg = Release|ARM
		{32B74ED8-099C-4312-A6E9-BA32A4EE941D}.Release|ARM.Build.0 = Release|ARM
		{32B74ED8-099C-4312-A6E9-BA32A4EE941D}.Release|ARM.Deploy.0 = Release|ARM
		{32B74ED8-099C-4312-A6E9-BA32A4EE941D}.Release|Win32.ActiveCfg = Release|Win32
		{32B74ED8-099C-4312-A6E9-BA32A4EE941D}.Release|Win32.Build.0 = Release|Win32
		{32B74ED8-099C-4312-A6E9-BA32A4EE941D}.Release|Win32.Deploy.0 = Release|Win32
		{32B74ED8-099C-4312-A6E9-BA32A4EE941D}.Release|x64.ActiveCfg = Release|x64
		{32B74ED8-099C-4312-A6E9-BA32A4EE941D}.Release|x64.Build.0 = Release|x64
		{32B74ED8-099C-4312-A6E9-BA32A4EE941D}.Release|x64.Deploy.0 = Release|x64
		{064A16B3-F050-45BC-801A-59EA072CE8EC}.Debug|ARM.ActiveCfg = Debug|ARM
		{064A16B3-F050-45BC-801A-59EA072CE8EC}.Debug|ARM.Build.0 = Debug|ARM
		{064A16B3-F050-45BC-801A-59EA072CE8EC}.Debug|ARM.Deploy.0 = Debug|ARM
		{064A16B3-F050-45BC-801A-59EA072CE8EC}.Debug|Win32.ActiveCfg = Debug|Win32
		{064A16B3-F050-45BC-801A-59EA072CE8EC}.Debug|Win32.Build.0 = Debug|Win32
		{064A16B3-F050-45BC-801A-59EA072CE8EC}.Debug|Win32.Deploy.0 = Debug|Win32
		{064A16B3-F050-45BC-801A-59EA072CE8EC}.Debug|x64.ActiveCfg = Debug|x64
		{064A16B3-F050-45BC-801A-59EA072CE8EC}.Debug|x64.Build.0 = Debug|x64
		{064A16B3-F050-45BC-801A-59EA072CE8EC}.Debug|x64.Deploy.0 = Debug|x64
		{064A16B3-F050-45BC-801A-59EA072CE8EC}.Release|ARM.ActiveCfg = Release|ARM
		{064A16B3-F050-45BC-801A-59EA072CE8EC}.Release|ARM.Build.0 = Release|ARM
		{064A16B3-F050-45BC-801A-59EA072CE8EC}.Release|ARM.Deploy.0 = Release|ARM
		{064A16B3-F050-45BC-801A-59EA072CE8EC}.Release|Win32.ActiveCfg = Release|Win32
		{064A16B3-F050-45BC-801A-59EA072CE8EC}.Release|Win32.Build.0 = Release|Win32
		{064A16B3-F050-45BC-801A-59EA072CE8EC}.Release|Win32.Deploy.0 = Release|Win32
		{064A16B3-F050-45BC-801A-59EA072CE8EC}.Release|x64.ActiveCfg = Release|x64
		{064A16B3-F050-45BC-801A-59EA072CE8EC}.Release|x64.Build.0 = Release|x64
		{064A16B3-F050-45BC-801A-59EA072CE8EC}.Release|x64.Deploy.0 = Release|x64
		{286559F3-2887-44C5-AB5A-36AFC3003DA1}.Debug|ARM.ActiveCfg = Debug|ARM
		{286559F3-2887-44C5-AB5A-36AFC3003DA1}.Debug|ARM.Build.0 = Debug|ARM
		{286559F3-2887-44C5-AB5A-36AFC3003DA1}.Debug|ARM.Deploy.0 = Debug|ARM
		{286559F3-2887-44C5-AB5A-36AFC3003DA1}.Debug|Win32.ActiveCfg = Debug|Win32
		{286559F3-2887-44C5-AB5A-36AFC3003DA1}.Debug|Win32.Build.0 = Debug|Win32
		{286559F3-2887-44C5-AB5A-36AFC3003DA1}.Debug|Win32.Deploy.0 = Debug|Win32
		{286559F3-2887-44C5-AB5A-36AFC3003DA1}.Debug|x64.ActiveCfg = Debug|x64
		{286559F3-2887-44C5-AB5A-36AFC3003DA1}.Debug|x64.Build.0 = Debug|x64
		{286559F3-2887-44C5-AB5A-36AFC3003DA1}.Debug|x64.Deploy.0 = Debug|x64
		{286559F3-2887-44C5-AB5A-36AFC3003DA1}.Release|ARM.ActiveCfg = Release|ARM
		{286559F3-2887-44C5-AB5A-36AFC3003DA1}.Release|ARM.Build.0 = Release|ARM
		{286559F3-2887-44C5-AB5A-36AFC3003DA1}.Release|ARM.Deploy.0 = Release|ARM
		{286559F3-2887-44C5-AB5A-36AFC3003DA1}.Release|Win32.ActiveCfg = Release|Win32
		{286559F3-2887-44C5-AB5A-36AFC3003DA1}.Release|Win32.Build.0 = Release|Win32
		{286559F3-2887-44C5-AB5A-36AFC3003DA1}.Release|Win32.Deploy.0 = Release|Win32
		{286559F3-2887-44C5-AB5A-36AFC3003DA1}.Release|x64.ActiveCfg = Release|x64
		{286559F3-2887-44C5-AB5A-36AFC3003DA1}.Release|x64.Build.0 = Release|x64
		{286559F3-2887-44C5-AB5A-36AFC3003DA1}.Release|x64.Deploy.0 = Release|x64
		{A44F4E2F-E1E2-4294-9BAF-82F53750FF36}.Debug|ARM.ActiveCfg = Debug|ARM
		{A44F4E2F-E1E2-4294-9BAF-82F53750FF36}.Debug|ARM.Build.0 = Debug|ARM
		{A44F4E2F-E1E2-4294-9BAF-82F53750FF36}.Debug|ARM.Deploy.0 = Debug|ARM
		{A44F4E2F-E1E2-4294-9BAF-82F53750FF36}.Debug|Win32.ActiveCfg = Debug|Win32
		{A44F4E2F-E1E2-4294-9BAF-82F53750FF36}.Debug|Win32.Build.0 = Debug|Win32
		{A44F4E2F-E1E2-4294-9BAF-82F53750FF36}.Debug|Win32.Deploy.0 = Debug|Win32
		{A44F4E2F-E1E2-4294-9BAF-82F53750FF36}.Debug|x64.ActiveCfg = Debug|x64
		{A44F4E2F-E1E2-4294-9BAF-82F53750FF36}.Debug|x64.Build.0 = Debug|x64
		{A44F4E2F-E1E2-4294-9BAF-82F53750FF36}.Debug|x64.Deploy.0 = Debug|x64
		{A44F4E2F-E1E2-4294-9BAF-82F53750FF36}.Release|ARM.ActiveCfg = Release|ARM
		{A44F4E2F-E1E2-4294-9BAF-82F53750FF36}.Release|ARM.Build.0 = Release|ARM
		{A44F4E2F-E1E2-4294-9BAF-82F53750FF36}.Release|ARM.Deploy.0 = Release|ARM
		{A44F4E2F-E1E2-4294-9BAF-82F53750FF36}.Release|Win32.ActiveCfg = Release|Win32
		{A44F4E2F-E1E2-4294-9BAF-82F53750FF36}.Release|Win32.Build.0 = Release|Win32
		{A44F4E2F-E1E2-4294-9BAF-82F53750FF36}.Release|Win32.Deploy.0 = Release|Win32
		{A44F4E2F-E1E2-4294-9BAF-82F53750FF36}.Release|x64.ActiveCfg = Release|x64
		{A44F4E2F-E1E2-4294-9BAF-82F53750FF36}.Release|x64.Build.0 = Release|x64
		{A44F4E2F-E1E2-4294-9BAF-82F53750FF36}.Release|x64.Deploy.0 = Release|x64
	EndGlobalSection
	GlobalSection(SolutionProperties) = preSolution
		HideSolutionNode = FALSE
	EndGlobalSection
EndGlobal
