<?xml version="1.0" encoding="utf-8"?>
<Project ToolsVersion="4.0" xmlns="http://schemas.microsoft.com/developer/msbuild/2003">
  <ItemGroup>
    <Filter Include="Common">
      <UniqueIdentifier>286559f3-2887-44c5-ab5a-36afc3003da1</UniqueIdentifier>
    </Filter>
    <Filter Include="Assets">
      <UniqueIdentifier>5cc431c3-41d2-4e9a-b58b-62a35d07085b</UniqueIdentifier>
    </Filter>
    <Image Include="Assets\Logo.png">
      <Filter>Assets</Filter>
    </Image>
    <Image Include="Assets\SmallLogo.png">
      <Filter>Assets</Filter>
    </Image>
    <Image Include="Assets\StoreLogo.png">
      <Filter>Assets</Filter>
    </Image>
    <Image Include="Assets\SplashScreen.png">
      <Filter>Assets</Filter>
    </Image>
    <Filter Include="Source">
      <UniqueIdentifier>{493d8e81-37db-4364-aea5-ab5824907f87}</UniqueIdentifier>
    </Filter>
    <Filter Include="ARM_prebuilt">
      <UniqueIdentifier>{15e801b4-f462-4db6-9e13-b182e41c11b1}</UniqueIdentifier>
    </Filter>
    <Filter Include="Win32_prebuilt">
      <UniqueIdentifier>{cd78e170-3b20-4d61-b0e5-e9a2d54463f8}</UniqueIdentifier>
    </Filter>
    <Filter Include="x64_prebuilt">
      <UniqueIdentifier>{243cad94-8c16-437d-a045-3218be553f3c}</UniqueIdentifier>
    </Filter>
  </ItemGroup>
  <ItemGroup>
    <ClCompile Include="..\..\..\..\Source\test\winmain.cpp">
      <Filter>Source</Filter>
    </ClCompile>
    <ClCompile Include="..\..\..\..\Source\test\Game.cpp">
      <Filter>Source</Filter>
    </ClCompile>
  </ItemGroup>
  <ItemGroup>
    <ClInclude Include="..\..\..\..\Source\test\Game.h">
      <Filter>Source</Filter>
    </ClInclude>
  </ItemGroup>
  <ItemGroup>
    <AppxManifest Include="Package.appxmanifest" />
  </ItemGroup>
  <ItemGroup>
    <None Include="test_TemporaryKey.pfx" />
    <None Include="ClassDiagram.cd" />
    <None Include="..\..\..\..\..\ThirdParty-mod\openal-soft\pre_built\winrt\ARM\OpenAL.winrt.dll">
      <Filter>ARM_prebuilt</Filter>
    </None>
    <None Include="..\..\..\..\..\ThirdParty-mod\openal-soft\pre_built\winrt\x64\OpenAL.winrt.dll">
      <Filter>x64_prebuilt</Filter>
    </None>
    <None Include="..\..\..\..\..\ThirdParty-mod\openal-soft\pre_built\winrt\Win32\OpenAL.winrt.dll">
      <Filter>Win32_prebuilt</Filter>
    </None>
  </ItemGroup>
  <ItemGroup>
    <Image Include="Assets\test\meshes\Bat_Albedo.jpg">
      <Filter>Assets</Filter>
    </Image>
    <Image Include="..\..\..\..\Source\test\meshes\Tiny_skin.bmp" />
  </ItemGroup>
  <ItemGroup>
    <Text Include="..\..\..\..\Source\test\shader\hlsl-mesh.txt" />
    <Text Include="..\..\..\..\Source\test\shader\hlsl.txt" />
  </ItemGroup>
  <ItemGroup>
    <FxCompile Include="..\..\..\..\Source\test\shader\hlsl-mesh_ps.hlsl" />
    <FxCompile Include="..\..\..\..\Source\test\shader\hlsl-mesh_vs.hlsl" />
    <FxCompile Include="..\..\..\..\Source\test\shader\hlsl_ps.hlsl" />
    <FxCompile Include="..\..\..\..\Source\test\shader\hlsl_vs.hlsl" />
  </ItemGroup>
  <ItemGroup>
    <Media Include="Assets\test\audio\battletoads-double-dragons-2.ogg" />
    <Media Include="Assets\test\meshes\bat.hqanimation" />
    <Media Include="Assets\test\meshes\bat.hqmesh" />
    <Media Include="..\..\..\..\Source\test\meshes\tiny.hqanimation" />
    <Media Include="..\..\..\..\Source\test\meshes\tiny.hqmesh" />
  </ItemGroup>
  <ItemGroup>
    <CustomBuild Include="..\..\..\..\Source\test\script\resourcesCommon.script" />
    <CustomBuild Include="..\..\..\..\Source\test\script\resourcesD3D11-winrt.script" />
    <CustomBuild Include="..\..\..\..\Source\test\script\resourcesD3D11.script" />
    <CustomBuild Include="..\..\..\..\Source\test\script\resourcesD3D9.script" />
    <CustomBuild Include="..\..\..\..\Source\test\script\resourcesGL.script" />
    <CustomBuild Include="..\..\..\..\Source\test\script\effects.script" />
  </ItemGroup>
</Project>