<?xml version="1.0" encoding="UTF-8" standalone="yes" ?>
<CodeBlocks_project_file>
	<FileVersion major="1" minor="6" />
	<Project>
		<Option title="HQUtilMath" />
		<Option pch_mode="2" />
		<Option compiler="gcc" />
		<Build>
			<Target title="Debug">
				<Option platforms="Unix;" />
				<Option output="$(#q_enginedir)/Debug/lib$(PROJECT_NAME)" prefix_auto="1" extension_auto="1" />
				<Option object_output="$(#q_enginedir)/$(PROJECT_NAME)/obj/$(TARGET_NAME)" />
				<Option type="3" />
				<Option compiler="gcc" />
				<Option createDefFile="1" />
				<Option createStaticLib="1" />
				<Compiler>
					<Add option="-W" />
					<Add option="-g" />
					<Add option="-O0" />
					<Add option="-msse" />
					<Add option="-D_DEBUG" />
					<Add option="-D_USRDLL" />
					<Add option="-DQ_UTIL_EXPORTS" />
					<Add option="-D_INLINE" />
					<Add option="-D_CRT_SECURE_NO_WARNINGS" />
				</Compiler>
			</Target>
			<Target title="Release">
				<Option platforms="Unix;" />
				<Option output="$(#q_enginedir)/Release/lib$(PROJECT_NAME)" prefix_auto="1" extension_auto="1" />
				<Option object_output="$(#q_enginedir)/$(PROJECT_NAME)/obj/$(TARGET_NAME)" />
				<Option type="3" />
				<Option compiler="gcc" />
				<Option createDefFile="1" />
				<Option createStaticLib="1" />
				<Compiler>
					<Add option="-O2" />
					<Add option="-W" />
					<Add option="-msse" />
					<Add option="-DNDEBUG" />
					<Add option="-D_USRDLL" />
					<Add option="-DQ_UTIL_EXPORTS" />
					<Add option="-D_INLINE" />
					<Add option="-D_CRT_SECURE_NO_WARNINGS" />
				</Compiler>
			</Target>
			<Target title="StaticDebug">
				<Option platforms="Unix;" />
				<Option output="$(#q_enginedir)/$(PROJECT_NAME)/bin/$(TARGET_NAME)/lib$(PROJECT_NAME)" prefix_auto="1" extension_auto="1" />
				<Option working_dir="" />
				<Option object_output="$(#q_enginedir)/$(PROJECT_NAME)/obj/$(TARGET_NAME)" />
				<Option type="2" />
				<Option compiler="gcc" />
				<Option createDefFile="1" />
				<Compiler>
					<Add option="-W" />
					<Add option="-g" />
					<Add option="-O0" />
					<Add option="-msse" />
					<Add option="-D_DEBUG" />
					<Add option="-D_STATICLINK" />
					<Add option="-D_INLINE" />
					<Add option="-D_CRT_SECURE_NO_WARNINGS" />
				</Compiler>
			</Target>
			<Target title="StaticRelease">
				<Option platforms="Unix;" />
				<Option output="$(#q_enginedir)/$(PROJECT_NAME)/bin/$(TARGET_NAME)/lib$(PROJECT_NAME)" prefix_auto="1" extension_auto="1" />
				<Option working_dir="" />
				<Option object_output="$(#q_enginedir)/$(PROJECT_NAME)/obj/$(TARGET_NAME)" />
				<Option type="2" />
				<Option compiler="gcc" />
				<Option createDefFile="1" />
				<Compiler>
					<Add option="-O2" />
					<Add option="-W" />
					<Add option="-msse" />
					<Add option="-DNDEBUG" />
					<Add option="-D_STATICLINK" />
					<Add option="-D_INLINE" />
					<Add option="-D_CRT_SECURE_NO_WARNINGS" />
				</Compiler>
			</Target>
			<Target title="CMathRelease">
				<Option platforms="Unix;" />
				<Option output="$(#q_enginedir)/$(PROJECT_NAME)/bin/$(TARGET_NAME)/lib$(PROJECT_NAME)" prefix_auto="1" extension_auto="1" />
				<Option object_output="$(#q_enginedir)/$(PROJECT_NAME)/obj/$(TARGET_NAME)" />
				<Option type="3" />
				<Option compiler="gcc" />
				<Option createDefFile="1" />
				<Option createStaticLib="1" />
				<Compiler>
					<Add option="-O2" />
					<Add option="-W" />
					<Add option="-DNDEBUG" />
					<Add option="-D_USRDLL" />
					<Add option="-DQ_UTIL_EXPORTS" />
					<Add option="-D_INLINE" />
					<Add option="-D_CRT_SECURE_NO_WARNINGS" />
					<Add option="-DCMATH" />
				</Compiler>
			</Target>
			<Target title="CMathDebug">
				<Option platforms="Unix;" />
				<Option output="$(#q_enginedir)/$(PROJECT_NAME)/bin/$(TARGET_NAME)/lib$(PROJECT_NAME)" prefix_auto="1" extension_auto="1" />
				<Option object_output="$(#q_enginedir)/$(PROJECT_NAME)/obj/$(TARGET_NAME)" />
				<Option type="3" />
				<Option compiler="gcc" />
				<Option createDefFile="1" />
				<Option createStaticLib="1" />
				<Compiler>
					<Add option="-g" />
					<Add option="-W" />
					<Add option="-O0" />
					<Add option="-D_DEBUG" />
					<Add option="-D_USRDLL" />
					<Add option="-DQ_UTIL_EXPORTS" />
					<Add option="-D_INLINE" />
					<Add option="-D_CRT_SECURE_NO_WARNINGS" />
					<Add option="-DCMATH" />
				</Compiler>
			</Target>
		</Build>
		<Compiler>
			<Add option="-fPIC" />
		</Compiler>
		<Unit filename="HQAABB.cpp" />
		<Unit filename="HQBSP.cpp" />
		<Unit filename="HQMatrix3x4.cpp" />
		<Unit filename="HQMatrix4.cpp" />
		<Unit filename="HQOBB.cpp" />
		<Unit filename="HQPlane.cpp" />
		<Unit filename="HQPolygon.cpp" />
		<Unit filename="HQPrimeNumber.cpp" />
		<Unit filename="HQQuaternion.cpp" />
		<Unit filename="HQRay.cpp" />
		<Unit filename="HQSphere.cpp" />
		<Unit filename="HQVector.cpp" />
		<Unit filename="stdafx.h" />
		<Unit filename="../Q_Util Include/math/HQ2DMath.h" />
		<Unit filename="../Q_Util Include/math/HQ2DMathInline.h" />
		<Unit filename="../Q_Util Include/math/HQ3DMath.h" />
		<Unit filename="../Q_Util Include/math/HQ3DMathInline.h" />
		<Unit filename="../Q_Util Include/math/HQPrimeNumber.h" />
		<Unit filename="../Q_Util Include/math/HQUtilMath.h" />
		<Unit filename="../Q_Util Include/util/HQClosedStringHashTable.h" />
		<Unit filename="../Q_Util Include/util/HQDefaultAllocator.h" />
		<Unit filename="../Q_Util Include/util/HQDefaultHashFunction.h" />
		<Unit filename="../Q_Util Include/util/HQDefaultKeyEqual.h" />
		<Unit filename="../Q_Util Include/util/HQDefaultMemManager.h" />
		<Unit filename="../Q_Util Include/util/HQGrowableArray.h" />
		<Unit filename="../Q_Util Include/util/HQHashTable.h" />
		<Unit filename="../Q_Util Include/util/HQItemManager.h" />
		<Unit filename="../Q_Util Include/util/HQLinkedList.h" />
		<Unit filename="../Q_Util Include/util/HQLoggableObject.h" />
		<Unit filename="../Q_Util Include/util/HQPair.h" />
		<Unit filename="../Q_Util Include/util/HQSharedPointer.h" />
		<Unit filename="../Q_Util Include/util/HQStringHashTable.h" />
		<Extensions>
			<code_completion />
			<debugger />
			<envvars />
		</Extensions>
	</Project>
</CodeBlocks_project_file>
